// !$*UTF8*$!
{
	archiveVersion = 1;
	classes = {
	};
	objectVersion = 46;
	objects = {

/* Begin PBXBuildFile section */
		A7F050AC1C5D2A8A00102438 /* main.m in Sources */ = {isa = PBXBuildFile; fileRef = A7F050AB1C5D2A8A00102438 /* main.m */; };
		A7F050AF1C5D2A8A00102438 /* AppDelegate.m in Sources */ = {isa = PBXBuildFile; fileRef = A7F050AE1C5D2A8A00102438 /* AppDelegate.m */; };
		A7F050B21C5D2A8A00102438 /* ViewController.m in Sources */ = {isa = PBXBuildFile; fileRef = A7F050B11C5D2A8A00102438 /* ViewController.m */; };
		A7F050B51C5D2A8A00102438 /* Main.storyboard in Resources */ = {isa = PBXBuildFile; fileRef = A7F050B31C5D2A8A00102438 /* Main.storyboard */; };
		A7F050B71C5D2A8A00102438 /* Assets.xcassets in Resources */ = {isa = PBXBuildFile; fileRef = A7F050B61C5D2A8A00102438 /* Assets.xcassets */; };
		A7F050BA1C5D2A8A00102438 /* LaunchScreen.storyboard in Resources */ = {isa = PBXBuildFile; fileRef = A7F050B81C5D2A8A00102438 /* LaunchScreen.storyboard */; };
		A7F050C31C5DE19600102438 /* TweetsTableViewCell.m in Sources */ = {isa = PBXBuildFile; fileRef = A7F050C21C5DE19600102438 /* TweetsTableViewCell.m */; settings = {ASSET_TAGS = (); }; };
		A7F050C91C5DF16200102438 /* AppRecord.m in Sources */ = {isa = PBXBuildFile; fileRef = A7F050C81C5DF16200102438 /* AppRecord.m */; settings = {ASSET_TAGS = (); }; };
		A7F050CC1C5E1A2100102438 /* IconDownloader.m in Sources */ = {isa = PBXBuildFile; fileRef = A7F050CB1C5E1A2100102438 /* IconDownloader.m */; settings = {ASSET_TAGS = (); }; };
		A7F050D61C5E1BC500102438 /* MediaDownloader.m in Sources */ = {isa = PBXBuildFile; fileRef = A7F050D51C5E1BC500102438 /* MediaDownloader.m */; settings = {ASSET_TAGS = (); }; };
/* End PBXBuildFile section */

/* Begin PBXFileReference section */
		A7F050A71C5D2A8A00102438 /* FetchTweetExample.app */ = {isa = PBXFileReference; explicitFileType = wrapper.application; includeInIndex = 0; path = FetchTweetExample.app; sourceTree = BUILT_PRODUCTS_DIR; };
		A7F050AB1C5D2A8A00102438 /* main.m */ = {isa = PBXFileReference; lastKnownFileType = sourcecode.c.objc; path = main.m; sourceTree = "<group>"; };
		A7F050AD1C5D2A8A00102438 /* AppDelegate.h */ = {isa = PBXFileReference; lastKnownFileType = sourcecode.c.h; path = AppDelegate.h; sourceTree = "<group>"; };
		A7F050AE1C5D2A8A00102438 /* AppDelegate.m */ = {isa = PBXFileReference; lastKnownFileType = sourcecode.c.objc; path = AppDelegate.m; sourceTree = "<group>"; };
		A7F050B01C5D2A8A00102438 /* ViewController.h */ = {isa = PBXFileReference; lastKnownFileType = sourcecode.c.h; path = ViewController.h; sourceTree = "<group>"; };
		A7F050B11C5D2A8A00102438 /* ViewController.m */ = {isa = PBXFileReference; lastKnownFileType = sourcecode.c.objc; path = ViewController.m; sourceTree = "<group>"; };
		A7F050B41C5D2A8A00102438 /* Base */ = {isa = PBXFileReference; lastKnownFileType = file.storyboard; name = Base; path = Base.lproj/Main.storyboard; sourceTree = "<group>"; };
		A7F050B61C5D2A8A00102438 /* Assets.xcassets */ = {isa = PBXFileReference; lastKnownFileType = folder.assetcatalog; path = Assets.xcassets; sourceTree = "<group>"; };
		A7F050B91C5D2A8A00102438 /* Base */ = {isa = PBXFileReference; lastKnownFileType = file.storyboard; name = Base; path = Base.lproj/LaunchScreen.storyboard; sourceTree = "<group>"; };
		A7F050BB1C5D2A8A00102438 /* Info.plist */ = {isa = PBXFileReference; lastKnownFileType = text.plist.xml; path = Info.plist; sourceTree = "<group>"; };
		A7F050C11C5DE19600102438 /* TweetsTableViewCell.h */ = {isa = PBXFileReference; fileEncoding = 4; lastKnownFileType = sourcecode.c.h; path = TweetsTableViewCell.h; sourceTree = "<group>"; };
		A7F050C21C5DE19600102438 /* TweetsTableViewCell.m */ = {isa = PBXFileReference; fileEncoding = 4; lastKnownFileType = sourcecode.c.objc; path = TweetsTableViewCell.m; sourceTree = "<group>"; };
		A7F050C71C5DF16200102438 /* AppRecord.h */ = {isa = PBXFileReference; fileEncoding = 4; lastKnownFileType = sourcecode.c.h; path = AppRecord.h; sourceTree = "<group>"; };
		A7F050C81C5DF16200102438 /* AppRecord.m */ = {isa = PBXFileReference; fileEncoding = 4; lastKnownFileType = sourcecode.c.objc; path = AppRecord.m; sourceTree = "<group>"; };
		A7F050CA1C5E1A2100102438 /* IconDownloader.h */ = {isa = PBXFileReference; fileEncoding = 4; lastKnownFileType = sourcecode.c.h; path = IconDownloader.h; sourceTree = "<group>"; };
		A7F050CB1C5E1A2100102438 /* IconDownloader.m */ = {isa = PBXFileReference; fileEncoding = 4; lastKnownFileType = sourcecode.c.objc; path = IconDownloader.m; sourceTree = "<group>"; };
		A7F050D41C5E1BC500102438 /* MediaDownloader.h */ = {isa = PBXFileReference; fileEncoding = 4; lastKnownFileType = sourcecode.c.h; path = MediaDownloader.h; sourceTree = "<group>"; };
		A7F050D51C5E1BC500102438 /* MediaDownloader.m */ = {isa = PBXFileReference; fileEncoding = 4; lastKnownFileType = sourcecode.c.objc; path = MediaDownloader.m; sourceTree = "<group>"; };
/* End PBXFileReference section */

/* Begin PBXFrameworksBuildPhase section */
		A7F050A41C5D2A8A00102438 /* Frameworks */ = {
			isa = PBXFrameworksBuildPhase;
			buildActionMask = 2147483647;
			files = (
			);
			runOnlyForDeploymentPostprocessing = 0;
		};
/* End PBXFrameworksBuildPhase section */

/* Begin PBXGroup section */
		A7F0509E1C5D2A8A00102438 = {
			isa = PBXGroup;
			children = (
				A7F050A91C5D2A8A00102438 /* FetchTweetExample */,
				A7F050A81C5D2A8A00102438 /* Products */,
			);
			sourceTree = "<group>";
		};
		A7F050A81C5D2A8A00102438 /* Products */ = {
			isa = PBXGroup;
			children = (
				A7F050A71C5D2A8A00102438 /* FetchTweetExample.app */,
			);
			name = Products;
			sourceTree = "<group>";
		};
		A7F050A91C5D2A8A00102438 /* FetchTweetExample */ = {
			isa = PBXGroup;
			children = (
				A7F050AD1C5D2A8A00102438 /* AppDelegate.h */,
				A7F050AE1C5D2A8A00102438 /* AppDelegate.m */,
				A7F050B01C5D2A8A00102438 /* ViewController.h */,
				A7F050B11C5D2A8A00102438 /* ViewController.m */,
				A7F050B31C5D2A8A00102438 /* Main.storyboard */,
				A7F050B61C5D2A8A00102438 /* Assets.xcassets */,
				A7F050B81C5D2A8A00102438 /* LaunchScreen.storyboard */,
				A7F050BB1C5D2A8A00102438 /* Info.plist */,
				A7F050AA1C5D2A8A00102438 /* Supporting Files */,
				A7F050C11C5DE19600102438 /* TweetsTableViewCell.h */,
				A7F050C21C5DE19600102438 /* TweetsTableViewCell.m */,
				A7F050C71C5DF16200102438 /* AppRecord.h */,
				A7F050C81C5DF16200102438 /* AppRecord.m */,
				A7F050CA1C5E1A2100102438 /* IconDownloader.h */,
				A7F050CB1C5E1A2100102438 /* IconDownloader.m */,
				A7F050D41C5E1BC500102438 /* MediaDownloader.h */,
				A7F050D51C5E1BC500102438 /* MediaDownloader.m */,
			);
			path = FetchTweetExample;
			sourceTree = "<group>";
		};
		A7F050AA1C5D2A8A00102438 /* Supporting Files */ = {
			isa = PBXGroup;
			children = (
				A7F050AB1C5D2A8A00102438 /* main.m */,
			);
			name = "Supporting Files";
			sourceTree = "<group>";
		};
/* End PBXGroup section */

/* Begin PBXNativeTarget section */
		A7F050A61C5D2A8A00102438 /* FetchTweetExample */ = {
			isa = PBXNativeTarget;
			buildConfigurationList = A7F050BE1C5D2A8A00102438 /* Build configuration list for PBXNativeTarget "FetchTweetExample" */;
			buildPhases = (
				A7F050A31C5D2A8A00102438 /* Sources */,
				A7F050A41C5D2A8A00102438 /* Frameworks */,
				A7F050A51C5D2A8A00102438 /* Resources */,
			);
			buildRules = (
			);
			dependencies = (
			);
			name = FetchTweetExample;
			productName = FetchTweetExample;
			productReference = A7F050A71C5D2A8A00102438 /* FetchTweetExample.app */;
			productType = "com.apple.product-type.application";
		};
/* End PBXNativeTarget section */

/* Begin PBXProject section */
		A7F0509F1C5D2A8A00102438 /* Project object */ = {
			isa = PBXProject;
			attributes = {
				LastUpgradeCheck = 0700;
				ORGANIZATIONNAME = test;
				TargetAttributes = {
					A7F050A61C5D2A8A00102438 = {
						CreatedOnToolsVersion = 7.0;
					};
				};
			};
			buildConfigurationList = A7F050A21C5D2A8A00102438 /* Build configuration list for PBXProject "FetchTweetExample" */;
			compatibilityVersion = "Xcode 3.2";
			developmentRegion = English;
			hasScannedForEncodings = 0;
			knownRegions = (
				en,
				Base,
			);
			mainGroup = A7F0509E1C5D2A8A00102438;
			productRefGroup = A7F050A81C5D2A8A00102438 /* Products */;
			projectDirPath = "";
			projectRoot = "";
			targets = (
				A7F050A61C5D2A8A00102438 /* FetchTweetExample */,
			);
		};
/* End PBXProject section */

/* Begin PBXResourcesBuildPhase section */
		A7F050A51C5D2A8A00102438 /* Resources */ = {
			isa = PBXResourcesBuildPhase;
			buildActionMask = 2147483647;
			files = (
				A7F050BA1C5D2A8A00102438 /* LaunchScreen.storyboard in Resources */,
				A7F050B71C5D2A8A00102438 /* Assets.xcassets in Resources */,
				A7F050B51C5D2A8A00102438 /* Main.storyboard in Resources */,
			);
			runOnlyForDeploymentPostprocessing = 0;
		};
/* End PBXResourcesBuildPhase section */

/* Begin PBXSourcesBuildPhase section */
		A7F050A31C5D2A8A00102438 /* Sources */ = {
			isa = PBXSourcesBuildPhase;
			buildActionMask = 2147483647;
			files = (
				A7F050C91C5DF16200102438 /* AppRecord.m in Sources */,
				A7F050CC1C5E1A2100102438 /* IconDownloader.m in Sources */,
				A7F050D61C5E1BC500102438 /* MediaDownloader.m in Sources */,
				A7F050B21C5D2A8A00102438 /* ViewController.m in Sources */,
				A7F050AF1C5D2A8A00102438 /* AppDelegate.m in Sources */,
				A7F050AC1C5D2A8A00102438 /* main.m in Sources */,
				A7F050C31C5DE19600102438 /* TweetsTableViewCell.m in Sources */,
			);
			runOnlyForDeploymentPostprocessing = 0;
		};
/* End PBXSourcesBuildPhase section */

/* Begin PBXVariantGroup section */
		A7F050B31C5D2A8A00102438 /* Main.storyboard */ = {
			isa = PBXVariantGroup;
			children = (
				A7F050B41C5D2A8A00102438 /* Base */,
			);
			name = Main.storyboard;
			sourceTree = "<group>";
		};
		A7F050B81C5D2A8A00102438 /* LaunchScreen.storyboard */ = {
			isa = PBXVariantGroup;
			children = (
				A7F050B91C5D2A8A00102438 /* Base */,
			);
			name = LaunchScreen.storyboard;
			sourceTree = "<group>";
		};
/* End PBXVariantGroup section */

/* Begin XCBuildConfiguration section */
		A7F050BC1C5D2A8A00102438 /* Debug */ = {
			isa = XCBuildConfiguration;
			buildSettings = {
				ALWAYS_SEARCH_USER_PATHS = NO;
				CLANG_CXX_LANGUAGE_STANDARD = "gnu++0x";
				CLANG_CXX_LIBRARY = "libc++";
				CLANG_ENABLE_MODULES = YES;
				CLANG_ENABLE_OBJC_ARC = YES;
				CLANG_WARN_BOOL_CONVERSION = YES;
				CLANG_WARN_CONSTANT_CONVERSION = YES;
				CLANG_WARN_DIRECT_OBJC_ISA_USAGE = YES_ERROR;
				CLANG_WARN_EMPTY_BODY = YES;
				CLANG_WARN_ENUM_CONVERSION = YES;
				CLANG_WARN_INT_CONVERSION = YES;
				CLANG_WARN_OBJC_ROOT_CLASS = YES_ERROR;
				CLANG_WARN_UNREACHABLE_CODE = YES;
				CLANG_WARN__DUPLICATE_METHOD_MATCH = YES;
				"CODE_SIGN_IDENTITY[sdk=iphoneos*]" = "iPhone Developer";
				COPY_PHASE_STRIP = NO;
				DEBUG_INFORMATION_FORMAT = dwarf;
				ENABLE_STRICT_OBJC_MSGSEND = YES;
				ENABLE_TESTABILITY = YES;
				GCC_C_LANGUAGE_STANDARD = gnu99;
				GCC_DYNAMIC_NO_PIC = NO;
				GCC_NO_COMMON_BLOCKS = YES;
				GCC_OPTIMIZATION_LEVEL = 0;
				GCC_PREPROCESSOR_DEFINITIONS = (
					"DEBUG=1",
					"$(inherited)",
				);
				GCC_WARN_64_TO_32_BIT_CONVERSION = YES;
				GCC_WARN_ABOUT_RETURN_TYPE = YES_ERROR;
				GCC_WARN_UNDECLARED_SELECTOR = YES;
				GCC_WARN_UNINITIALIZED_AUTOS = YES_AGGRESSIVE;
				GCC_WARN_UNUSED_FUNCTION = YES;
				GCC_WARN_UNUSED_VARIABLE = YES;
				IPHONEOS_DEPLOYMENT_TARGET = 9.0;
				MTL_ENABLE_DEBUG_INFO = YES;
				ONLY_ACTIVE_ARCH = YES;
				SDKROOT = iphoneos;
				TARGETED_DEVICE_FAMILY = "1,2";
			};
			name = Debug;
		};
		A7F050BD1C5D2A8A00102438 /* Release */ = {
			isa = XCBuildConfiguration;
			buildSettings = {
				ALWAYS_SEARCH_USER_PATHS = NO;
				CLANG_CXX_LANGUAGE_STANDARD = "gnu++0x";
				CLANG_CXX_LIBRARY = "libc++";
				CLANG_ENABLE_MODULES = YES;
				CLANG_ENABLE_OBJC_ARC = YES;
				CLANG_WARN_BOOL_CONVERSION = YES;
				CLANG_WARN_CONSTANT_CONVERSION = YES;
				CLANG_WARN_DIRECT_OBJC_ISA_USAGE = YES_ERROR;
				CLANG_WARN_EMPTY_BODY = YES;
				CLANG_WARN_ENUM_CONVERSION = YES;
				CLANG_WARN_INT_CONVERSION = YES;
				CLANG_WARN_OBJC_ROOT_CLASS = YES_ERROR;
				CLANG_WARN_UNREACHABLE_CODE = YES;
				CLANG_WARN__DUPLICATE_METHOD_MATCH = YES;
				"CODE_SIGN_IDENTITY[sdk=iphoneos*]" = "iPhone Developer";
				COPY_PHASE_STRIP = NO;
				DEBUG_INFORMATION_FORMAT = "dwarf-with-dsym";
				ENABLE_NS_ASSERTIONS = NO;
				ENABLE_STRICT_OBJC_MSGSEND = YES;
				GCC_C_LANGUAGE_STANDARD = gnu99;
				GCC_NO_COMMON_BLOCKS = YES;
				GCC_WARN_64_TO_32_BIT_CONVERSION = YES;
				GCC_WARN_ABOUT_RETURN_TYPE = YES_ERROR;
				GCC_WARN_UNDECLARED_SELECTOR = YES;
				GCC_WARN_UNINITIALIZED_AUTOS = YES_AGGRESSIVE;
				GCC_WARN_UNUSED_FUNCTION = YES;
				GCC_WARN_UNUSED_VARIABLE = YES;
				IPHONEOS_DEPLOYMENT_TARGET = 9.0;
				MTL_ENABLE_DEBUG_INFO = NO;
				SDKROOT = iphoneos;
				TARGETED_DEVICE_FAMILY = "1,2";
				VALIDATE_PRODUCT = YES;
			};
			name = Release;
		};
		A7F050BF1C5D2A8A00102438 /* Debug */ = {
			isa = XCBuildConfiguration;
			buildSettings = {
				ASSETCATALOG_COMPILER_APPICON_NAME = AppIcon;
				INFOPLIST_FILE = FetchTweetExample/Info.plist;
				LD_RUNPATH_SEARCH_PATHS = "$(inherited) @executable_path/Frameworks";
				PRODUCT_BUNDLE_IDENTIFIER = com.fetchtweet.FetchTweetExample;
				PRODUCT_NAME = "$(TARGET_NAME)";
			};
			name = Debug;
		};
		A7F050C01C5D2A8A00102438 /* Release */ = {
			isa = XCBuildConfiguration;
			buildSettings = {
				ASSETCATALOG_COMPILER_APPICON_NAME = AppIcon;
				INFOPLIST_FILE = FetchTweetExample/Info.plist;
				LD_RUNPATH_SEARCH_PATHS = "$(inherited) @executable_path/Frameworks";
				PRODUCT_BUNDLE_IDENTIFIER = com.fetchtweet.FetchTweetExample;
				PRODUCT_NAME = "$(TARGET_NAME)";
			};
			name = Release;
		};
/* End XCBuildConfiguration section */

/* Begin XCConfigurationList section */
		A7F050A21C5D2A8A00102438 /* Build configuration list for PBXProject "FetchTweetExample" */ = {
			isa = XCConfigurationList;
			buildConfigurations = (
				A7F050BC1C5D2A8A00102438 /* Debug */,
				A7F050BD1C5D2A8A00102438 /* Release */,
			);
			defaultConfigurationIsVisible = 0;
			defaultConfigurationName = Release;
		};
		A7F050BE1C5D2A8A00102438 /* Build configuration list for PBXNativeTarget "FetchTweetExample" */ = {
			isa = XCConfigurationList;
			buildConfigurations = (
				A7F050BF1C5D2A8A00102438 /* Debug */,
				A7F050C01C5D2A8A00102438 /* Release */,
			);
			defaultConfigurationIsVisible = 0;
		};
/* End XCConfigurationList section */
	};
	rootObject = A7F0509F1C5D2A8A00102438 /* Project object */;
}
